// !$*UTF8*$!
{
	archiveVersion = 1;
	classes = {
	};
	objectVersion = 77;
	objects = {

/* Begin PBXContainerItemProxy section */
		B6E23DE32F62625F00187C6C /* PBXContainerItemProxy */ = {
			isa = PBXContainerItemProxy;
			containerPortal = B6E23DC92F62625E00187C6C /* Project object */;
			proxyType = 1;
			remoteGlobalIDString = B6E23DD02F62625E00187C6C;
			remoteInfo = KyoNoAshiato;
		};
		B6E23DED2F62625F00187C6C /* PBXContainerItemProxy */ = {
			isa = PBXContainerItemProxy;
			containerPortal = B6E23DC92F62625E00187C6C /* Project object */;
			proxyType = 1;
			remoteGlobalIDString = B6E23DD02F62625E00187C6C;
			remoteInfo = KyoNoAshiato;
		};
/* End PBXContainerItemProxy section */

/* Begin PBXFileReference section */
		B6E23DD12F62625E00187C6C /* KyoNoAshiato.app */ = {isa = PBXFileReference; explicitFileType = wrapper.application; includeInIndex = 0; path = KyoNoAshiato.app; sourceTree = BUILT_PRODUCTS_DIR; };
		B6E23DE22F62625F00187C6C /* KyoNoAshiatoTests.xctest */ = {isa = PBXFileReference; explicitFileType = wrapper.cfbundle; includeInIndex = 0; path = KyoNoAshiatoTests.xctest; sourceTree = BUILT_PRODUCTS_DIR; };
		B6E23DEC2F62625F00187C6C /* KyoNoAshiatoUITests.xctest */ = {isa = PBXFileReference; explicitFileType = wrapper.cfbundle; includeInIndex = 0; path = KyoNoAshiatoUITests.xctest; sourceTree = BUILT_PRODUCTS_DIR; };
/* End PBXFileReference section */

/* Begin PBXFileSystemSynchronizedBuildFileExceptionSet section */
		B6E23DF42F62625F00187C6C /* Exceptions for "KyoNoAshiato" folder in "KyoNoAshiato" target */ = {
			isa = PBXFileSystemSynchronizedBuildFileExceptionSet;
			membershipExceptions = (
				Info.plist,
			);
			target = B6E23DD02F62625E00187C6C /* KyoNoAshiato */;
		};
/* End PBXFileSystemSynchronizedBuildFileExceptionSet section */

/* Begin PBXFileSystemSynchronizedRootGroup section */
		B6E23DD32F62625E00187C6C /* KyoNoAshiato */ = {
			isa = PBXFileSystemSynchronizedRootGroup;
			exceptions = (
				B6E23DF42F62625F00187C6C /* Exceptions for "KyoNoAshiato" folder in "KyoNoAshiato" target */,
			);
			path = KyoNoAshiato;
			sourceTree = "<group>";
		};
		B6E23DE52F62625F00187C6C /* KyoNoAshiatoTests */ = {
			isa = PBXFileSystemSynchronizedRootGroup;
			path = KyoNoAshiatoTests;
			sourceTree = "<group>";
		};
		B6E23DEF2F62625F00187C6C /* KyoNoAshiatoUITests */ = {
			isa = PBXFileSystemSynchronizedRootGroup;
			path = KyoNoAshiatoUITests;
			sourceTree = "<group>";
		};
/* End PBXFileSystemSynchronizedRootGroup section */

/* Begin PBXFrameworksBuildPhase section */
		B6E23DCE2F62625E00187C6C /* Frameworks */ = {
			isa = PBXFrameworksBuildPhase;
			buildActionMask = 2147483647;
			files = (
			);
			runOnlyForDeploymentPostprocessing = 0;
		};
		B6E23DDF2F62625F00187C6C /* Frameworks */ = {
			isa = PBXFrameworksBuildPhase;
			buildActionMask = 2147483647;
			files = (
			);
			runOnlyForDeploymentPostprocessing = 0;
		};
		B6E23DE92F62625F00187C6C /* Frameworks */ = {
			isa = PBXFrameworksBuildPhase;
			buildActionMask = 2147483647;
			files = (
			);
			runOnlyForDeploymentPostprocessing = 0;
		};
/* End PBXFrameworksBuildPhase section */

/* Begin PBXGroup section */
		B6E23DC82F62625E00187C6C = {
			isa = PBXGroup;
			children = (
				B6E23DD32F62625E00187C6C /* KyoNoAshiato */,
				B6E23DE52F62625F00187C6C /* KyoNoAshiatoTests */,
				B6E23DEF2F62625F00187C6C /* KyoNoAshiatoUITests */,
				B6E23DD22F62625E00187C6C /* Products */,
			);
			sourceTree = "<group>";
		};
		B6E23DD22F62625E00187C6C /* Products */ = {
			isa = PBXGroup;
			children = (
				B6E23DD12F62625E00187C6C /* KyoNoAshiato.app */,
				B6E23DE22F62625F00187C6C /* KyoNoAshiatoTests.xctest */,
				B6E23DEC2F62625F00187C6C /* KyoNoAshiatoUITests.xctest */,
			);
			name = Products;
			sourceTree = "<group>";
		};
/* End PBXGroup section */

/* Begin PBXNativeTarget section */
		B6E23DD02F62625E00187C6C /* KyoNoAshiato */ = {
			isa = PBXNativeTarget;
			buildConfigurationList = B6E23DF52F62625F00187C6C /* Build configuration list for PBXNativeTarget "KyoNoAshiato" */;
			buildPhases = (
				B6E23DCD2F62625E00187C6C /* Sources */,
				B6E23DCE2F62625E00187C6C /* Frameworks */,
				B6E23DCF2F62625E00187C6C /* Resources */,
			);
			buildRules = (
			);
			dependencies = (
			);
			fileSystemSynchronizedGroups = (
				B6E23DD32F62625E00187C6C /* KyoNoAshiato */,
			);
			name = KyoNoAshiato;
			packageProductDependencies = (
			);
			productName = KyoNoAshiato;
			productReference = B6E23DD12F62625E00187C6C /* KyoNoAshiato.app */;
			productType = "com.apple.product-type.application";
		};
		B6E23DE12F62625F00187C6C /* KyoNoAshiatoTests */ = {
			isa = PBXNativeTarget;
			buildConfigurationList = B6E23DFA2F62625F00187C6C /* Build configuration list for PBXNativeTarget "KyoNoAshiatoTests" */;
			buildPhases = (
				B6E23DDE2F62625F00187C6C /* Sources */,
				B6E23DDF2F62625F00187C6C /* Frameworks */,
				B6E23DE02F62625F00187C6C /* Resources */,
			);
			buildRules = (
			);
			dependencies = (
				B6E23DE42F62625F00187C6C /* PBXTargetDependency */,
			);
			fileSystemSynchronizedGroups = (
				B6E23DE52F62625F00187C6C /* KyoNoAshiatoTests */,
			);
			name = KyoNoAshiatoTests;
			packageProductDependencies = (
			);
			productName = KyoNoAshiatoTests;
			productReference = B6E23DE22F62625F00187C6C /* KyoNoAshiatoTests.xctest */;
			productType = "com.apple.product-type.bundle.unit-test";
		};
		B6E23DEB2F62625F00187C6C /* KyoNoAshiatoUITests */ = {
			isa = PBXNativeTarget;
			buildConfigurationList = B6E23DFD2F62625F00187C6C /* Build configuration list for PBXNativeTarget "KyoNoAshiatoUITests" */;
			buildPhases = (
				B6E23DE82F62625F00187C6C /* Sources */,
				B6E23DE92F62625F00187C6C /* Frameworks */,
				B6E23DEA2F62625F00187C6C /* Resources */,
			);
			buildRules = (
			);
			dependencies = (
				B6E23DEE2F62625F00187C6C /* PBXTargetDependency */,
			);
			fileSystemSynchronizedGroups = (
				B6E23DEF2F62625F00187C6C /* KyoNoAshiatoUITests */,
			);
			name = KyoNoAshiatoUITests;
			packageProductDependencies = (
			);
			productName = KyoNoAshiatoUITests;
			productReference = B6E23DEC2F62625F00187C6C /* KyoNoAshiatoUITests.xctest */;
			productType = "com.apple.product-type.bundle.ui-testing";
		};
/* End PBXNativeTarget section */

/* Begin PBXProject section */
		B6E23DC92F62625E00187C6C /* Project object */ = {
			isa = PBXProject;
			attributes = {
				BuildIndependentTargetsInParallel = 1;
				LastSwiftUpdateCheck = 2630;
				LastUpgradeCheck = 2630;
				TargetAttributes = {
					B6E23DD02F62625E00187C6C = {
						CreatedOnToolsVersion = 26.3;
					};
					B6E23DE12F62625F00187C6C = {
						CreatedOnToolsVersion = 26.3;
						TestTargetID = B6E23DD02F62625E00187C6C;
					};
					B6E23DEB2F62625F00187C6C = {
						CreatedOnToolsVersion = 26.3;
						TestTargetID = B6E23DD02F62625E00187C6C;
					};
				};
			};
			buildConfigurationList = B6E23DCC2F62625E00187C6C /* Build configuration list for PBXProject "KyoNoAshiato" */;
			developmentRegion = en;
			hasScannedForEncodings = 0;
			knownRegions = (
				en,
				Base,
			);
			mainGroup = B6E23DC82F62625E00187C6C;
			minimizedProjectReferenceProxies = 1;
			preferredProjectObjectVersion = 77;
			productRefGroup = B6E23DD22F62625E00187C6C /* Products */;
			projectDirPath = "";
			projectRoot = "";
			targets = (
				B6E23DD02F62625E00187C6C /* KyoNoAshiato */,
				B6E23DE12F62625F00187C6C /* KyoNoAshiatoTests */,
				B6E23DEB2F62625F00187C6C /* KyoNoAshiatoUITests */,
			);
		};
/* End PBXProject section */

/* Begin PBXResourcesBuildPhase section */
		B6E23DCF2F62625E00187C6C /* Resources */ = {
			isa = PBXResourcesBuildPhase;
			buildActionMask = 2147483647;
			files = (
			);
			runOnlyForDeploymentPostprocessing = 0;
		};
		B6E23DE02F62625F00187C6C /* Resources */ = {
			isa = PBXResourcesBuildPhase;
			buildActionMask = 2147483647;
			files = (
			);
			runOnlyForDeploymentPostprocessing = 0;
		};
		B6E23DEA2F62625F00187C6C /* Resources */ = {
			isa = PBXResourcesBuildPhase;
			buildActionMask = 2147483647;
			files = (
			);
			runOnlyForDeploymentPostprocessing = 0;
		};
/* End PBXResourcesBuildPhase section */

/* Begin PBXSourcesBuildPhase section */
		B6E23DCD2F62625E00187C6C /* Sources */ = {
			isa = PBXSourcesBuildPhase;
			buildActionMask = 2147483647;
			files = (
			);
			runOnlyForDeploymentPostprocessing = 0;
		};
		B6E23DDE2F62625F00187C6C /* Sources */ = {
			isa = PBXSourcesBuildPhase;
			buildActionMask = 2147483647;
			files = (
			);
			runOnlyForDeploymentPostprocessing = 0;
		};
		B6E23DE82F62625F00187C6C /* Sources */ = {
			isa = PBXSourcesBuildPhase;
			buildActionMask = 2147483647;
			files = (
			);
			runOnlyForDeploymentPostprocessing = 0;
		};
/* End PBXSourcesBuildPhase section */

/* Begin PBXTargetDependency section */
		B6E23DE42F62625F00187C6C /* PBXTargetDependency */ = {
			isa = PBXTargetDependency;
			target = B6E23DD02F62625E00187C6C /* KyoNoAshiato */;
			targetProxy = B6E23DE32F62625F00187C6C /* PBXContainerItemProxy */;
		};
		B6E23DEE2F62625F00187C6C /* PBXTargetDependency */ = {
			isa = PBXTargetDependency;
			target = B6E23DD02F62625E00187C6C /* KyoNoAshiato */;
			targetProxy = B6E23DED2F62625F00187C6C /* PBXContainerItemProxy */;
		};
/* End PBXTargetDependency section */

/* Begin XCBuildConfiguration section */
		B6E23DF62F62625F00187C6C /* Debug */ = {
			isa = XCBuildConfiguration;
			buildSettings = {
				ASSETCATALOG_COMPILER_APPICON_NAME = AppIcon;
				ASSETCATALOG_COMPILER_GLOBAL_ACCENT_COLOR_NAME = AccentColor;
				CODE_SIGN_ENTITLEMENTS = KyoNoAshiato/KyoNoAshiato.entitlements;
				CODE_SIGN_STYLE = Automatic;
				CURRENT_PROJECT_VERSION = 1;
				DEVELOPMENT_TEAM = AK92W9FN2D;
				ENABLE_PREVIEWS = YES;
				GENERATE_INFOPLIST_FILE = YES;
				INFOPLIST_FILE = KyoNoAshiato/Info.plist;
				INFOPLIST_KEY_CFBundleDisplayName = "今日のあしあと";
				INFOPLIST_KEY_NSLocationAlwaysAndWhenInUseUsageDescription = "旅行中のルートをバックグラウンドでも継続して記録するために位置情報を使用します。";
				INFOPLIST_KEY_NSLocationWhenInUseUsageDescription = "移動ルートを記録するために位置情報を使用します。";
				INFOPLIST_KEY_UIApplicationSceneManifest_Generation = YES;
				INFOPLIST_KEY_UIApplicationSupportsIndirectInputEvents = YES;
				INFOPLIST_KEY_UILaunchScreen_Generation = YES;
				INFOPLIST_KEY_UISupportedInterfaceOrientations = UIInterfaceOrientationPortrait;
				INFOPLIST_KEY_UISupportedInterfaceOrientations_iPad = "UIInterfaceOrientationLandscapeLeft UIInterfaceOrientationLandscapeRight UIInterfaceOrientationPortrait UIInterfaceOrientationPortraitUpsideDown";
				LD_RUNPATH_SEARCH_PATHS = (
					"$(inherited)",
					"@executable_path/Frameworks",
				);
				MARKETING_VERSION = 1.0;
				PRODUCT_BUNDLE_IDENTIFIER = jp.hibiki.KyoNoAshiato;
				PRODUCT_NAME = "$(TARGET_NAME)";
				STRING_CATALOG_GENERATE_SYMBOLS = YES;
				SWIFT_APPROACHABLE_CONCURRENCY = YES;
				SWIFT_DEFAULT_ACTOR_ISOLATION = MainActor;
				SWIFT_EMIT_LOC_STRINGS = YES;
				SWIFT_UPCOMING_FEATURE_MEMBER_IMPORT_VISIBILITY = YES;
				SWIFT_VERSION = 5.0;
				TARGETED_DEVICE_FAMILY = "1,2";
			};
			name = Debug;
		};
		B6E23DF72F62625F00187C6C /* Release */ = {
			isa = XCBuildConfiguration;
			buildSettings = {
				ASSETCATALOG_COMPILER_APPICON_NAME = AppIcon;
				ASSETCATALOG_COMPILER_GLOBAL_ACCENT_COLOR_NAME = AccentColor;
				CODE_SIGN_ENTITLEMENTS = KyoNoAshiato/KyoNoAshiato.entitlements;
				CODE_SIGN_STYLE = Automatic;
				CURRENT_PROJECT_VERSION = 1;
				DEVELOPMENT_TEAM = AK92W9FN2D;
				ENABLE_PREVIEWS = YES;
				GENERATE_INFOPLIST_FILE = YES;
				INFOPLIST_FILE = KyoNoAshiato/Info.plist;
				INFOPLIST_KEY_CFBundleDisplayName = "今日のあしあと";
				INFOPLIST_KEY_NSLocationAlwaysAndWhenInUseUsageDescription = "旅行中のルートをバックグラウンドでも継続して記録するために位置情報を使用します。";
				INFOPLIST_KEY_NSLocationWhenInUseUsageDescription = "移動ルートを記録するために位置情報を使用します。";
				INFOPLIST_KEY_UIApplicationSceneManifest_Generation = YES;
				INFOPLIST_KEY_UIApplicationSupportsIndirectInputEvents = YES;
				INFOPLIST_KEY_UILaunchScreen_Generation = YES;
				INFOPLIST_KEY_UISupportedInterfaceOrientations = UIInterfaceOrientationPortrait;
				INFOPLIST_KEY_UISupportedInterfaceOrientations_iPad = "UIInterfaceOrientationLandscapeLeft UIInterfaceOrientationLandscapeRight UIInterfaceOrientationPortrait UIInterfaceOrientationPortraitUpsideDown";
				LD_RUNPATH_SEARCH_PATHS = (
					"$(inherited)",
					"@executable_path/Frameworks",
				);
				MARKETING_VERSION = 1.0;
				PRODUCT_BUNDLE_IDENTIFIER = jp.hibiki.KyoNoAshiato;
				PRODUCT_NAME = "$(TARGET_NAME)";
				STRING_CATALOG_GENERATE_SYMBOLS = YES;
				SWIFT_APPROACHABLE_CONCURRENCY = YES;
				SWIFT_DEFAULT_ACTOR_ISOLATION = MainActor;
				SWIFT_EMIT_LOC_STRINGS = YES;
				SWIFT_UPCOMING_FEATURE_MEMBER_IMPORT_VISIBILITY = YES;
				SWIFT_VERSION = 5.0;
				TARGETED_DEVICE_FAMILY = "1,2";
			};
			name = Release;
		};
		B6E23DF82F62625F00187C6C /* Debug */ = {
			isa = XCBuildConfiguration;
			buildSettings = {
				ALWAYS_SEARCH_USER_PATHS = NO;
				ASSETCATALOG_COMPILER_GENERATE_SWIFT_ASSET_SYMBOL_EXTENSIONS = YES;
				CLANG_ANALYZER_NONNULL = YES;
				CLANG_ANALYZER_NUMBER_OBJECT_CONVERSION = YES_AGGRESSIVE;
				CLANG_CXX_LANGUAGE_STANDARD = "gnu++20";
				CLANG_ENABLE_MODULES = YES;
				CLANG_ENABLE_OBJC_ARC = YES;
				CLANG_ENABLE_OBJC_WEAK = YES;
				CLANG_WARN_BLOCK_CAPTURE_AUTORELEASING = YES;
				CLANG_WARN_BOOL_CONVERSION = YES;
				CLANG_WARN_COMMA = YES;
				CLANG_WARN_CONSTANT_CONVERSION = YES;
				CLANG_WARN_DEPRECATED_OBJC_IMPLEMENTATIONS = YES;
				CLANG_WARN_DIRECT_OBJC_ISA_USAGE = YES_ERROR;
				CLANG_WARN_DOCUMENTATION_COMMENTS = YES;
				CLANG_WARN_EMPTY_BODY = YES;
				CLANG_WARN_ENUM_CONVERSION = YES;
				CLANG_WARN_INFINITE_RECURSION = YES;
				CLANG_WARN_INT_CONVERSION = YES;
				CLANG_WARN_NON_LITERAL_NULL_CONVERSION = YES;
				CLANG_WARN_OBJC_IMPLICIT_RETAIN_SELF = YES;
				CLANG_WARN_OBJC_LITERAL_CONVERSION = YES;
				CLANG_WARN_OBJC_ROOT_CLASS = YES_ERROR;
				CLANG_WARN_QUOTED_INCLUDE_IN_FRAMEWORK_HEADER = YES;
				CLANG_WARN_RANGE_LOOP_ANALYSIS = YES;
				CLANG_WARN_STRICT_PROTOTYPES = YES;
				CLANG_WARN_SUSPICIOUS_MOVE = YES;
				CLANG_WARN_UNGUARDED_AVAILABILITY = YES_AGGRESSIVE;
				CLANG_WARN_UNREACHABLE_CODE = YES;
				CLANG_WARN__DUPLICATE_METHOD_MATCH = YES;
				COPY_PHASE_STRIP = NO;
				DEBUG_INFORMATION_FORMAT = dwarf;
				DEVELOPMENT_TEAM = AK92W9FN2D;
				ENABLE_STRICT_OBJC_MSGSEND = YES;
				ENABLE_TESTABILITY = YES;
				ENABLE_USER_SCRIPT_SANDBOXING = YES;
				GCC_C_LANGUAGE_STANDARD = gnu17;
				GCC_DYNAMIC_NO_PIC = NO;
				GCC_NO_COMMON_BLOCKS = YES;
				GCC_OPTIMIZATION_LEVEL = 0;
				GCC_PREPROCESSOR_DEFINITIONS = (
					"DEBUG=1",
					"$(inherited)",
				);
				GCC_WARN_64_TO_32_BIT_CONVERSION = YES;
				GCC_WARN_ABOUT_RETURN_TYPE = YES_ERROR;
				GCC_WARN_UNDECLARED_SELECTOR = YES;
				GCC_WARN_UNINITIALIZED_AUTOS = YES_AGGRESSIVE;
				GCC_WARN_UNUSED_FUNCTION = YES;
				GCC_WARN_UNUSED_VARIABLE = YES;
				IPHONEOS_DEPLOYMENT_TARGET = 26.2;
				LOCALIZATION_PREFERS_STRING_CATALOGS = YES;
				MTL_ENABLE_DEBUG_INFO = INCLUDE_SOURCE;
				MTL_FAST_MATH = YES;
				ONLY_ACTIVE_ARCH = YES;
				SDKROOT = iphoneos;
				SWIFT_ACTIVE_COMPILATION_CONDITIONS = "DEBUG $(inherited)";
				SWIFT_OPTIMIZATION_LEVEL = "-Onone";
			};
			name = Debug;
		};
		B6E23DF92F62625F00187C6C /* Release */ = {
			isa = XCBuildConfiguration;
			buildSettings = {
				ALWAYS_SEARCH_USER_PATHS = NO;
				ASSETCATALOG_COMPILER_GENERATE_SWIFT_ASSET_SYMBOL_EXTENSIONS = YES;
				CLANG_ANALYZER_NONNULL = YES;
				CLANG_ANALYZER_NUMBER_OBJECT_CONVERSION = YES_AGGRESSIVE;
				CLANG_CXX_LANGUAGE_STANDARD = "gnu++20";
				CLANG_ENABLE_MODULES = YES;
				CLANG_ENABLE_OBJC_ARC = YES;
				CLANG_ENABLE_OBJC_WEAK = YES;
				CLANG_WARN_BLOCK_CAPTURE_AUTORELEASING = YES;
				CLANG_WARN_BOOL_CONVERSION = YES;
				CLANG_WARN_COMMA = YES;
				CLANG_WARN_CONSTANT_CONVERSION = YES;
				CLANG_WARN_DEPRECATED_OBJC_IMPLEMENTATIONS = YES;
				CLANG_WARN_DIRECT_OBJC_ISA_USAGE = YES_ERROR;
				CLANG_WARN_DOCUMENTATION_COMMENTS = YES;
				CLANG_WARN_EMPTY_BODY = YES;
				CLANG_WARN_ENUM_CONVERSION = YES;
				CLANG_WARN_INFINITE_RECURSION = YES;
				CLANG_WARN_INT_CONVERSION = YES;
				CLANG_WARN_NON_LITERAL_NULL_CONVERSION = YES;
				CLANG_WARN_OBJC_IMPLICIT_RETAIN_SELF = YES;
				CLANG_WARN_OBJC_LITERAL_CONVERSION = YES;
				CLANG_WARN_OBJC_ROOT_CLASS = YES_ERROR;
				CLANG_WARN_QUOTED_INCLUDE_IN_FRAMEWORK_HEADER = YES;
				CLANG_WARN_RANGE_LOOP_ANALYSIS = YES;
				CLANG_WARN_STRICT_PROTOTYPES = YES;
				CLANG_WARN_SUSPICIOUS_MOVE = YES;
				CLANG_WARN_UNGUARDED_AVAILABILITY = YES_AGGRESSIVE;
				CLANG_WARN_UNREACHABLE_CODE = YES;
				CLANG_WARN__DUPLICATE_METHOD_MATCH = YES;
				COPY_PHASE_STRIP = NO;
				DEBUG_INFORMATION_FORMAT = "dwarf-with-dsym";
				DEVELOPMENT_TEAM = AK92W9FN2D;
				ENABLE_NS_ASSERTIONS = NO;
				ENABLE_STRICT_OBJC_MSGSEND = YES;
				ENABLE_USER_SCRIPT_SANDBOXING = YES;
				GCC_C_LANGUAGE_STANDARD = gnu17;
				GCC_NO_COMMON_BLOCKS = YES;
				GCC_WARN_64_TO_32_BIT_CONVERSION = YES;
				GCC_WARN_ABOUT_RETURN_TYPE = YES_ERROR;
				GCC_WARN_UNDECLARED_SELECTOR = YES;
				GCC_WARN_UNINITIALIZED_AUTOS = YES_AGGRESSIVE;
				GCC_WARN_UNUSED_FUNCTION = YES;
				GCC_WARN_UNUSED_VARIABLE = YES;
				IPHONEOS_DEPLOYMENT_TARGET = 26.2;
				LOCALIZATION_PREFERS_STRING_CATALOGS = YES;
				MTL_ENABLE_DEBUG_INFO = NO;
				MTL_FAST_MATH = YES;
				SDKROOT = iphoneos;
				SWIFT_COMPILATION_MODE = wholemodule;
				VALIDATE_PRODUCT = YES;
			};
			name = Release;
		};
		B6E23DFB2F62625F00187C6C /* Debug */ = {
			isa = XCBuildConfiguration;
			buildSettings = {
				BUNDLE_LOADER = "$(TEST_HOST)";
				CODE_SIGN_STYLE = Automatic;
				CURRENT_PROJECT_VERSION = 1;
				DEVELOPMENT_TEAM = AK92W9FN2D;
				GENERATE_INFOPLIST_FILE = YES;
				IPHONEOS_DEPLOYMENT_TARGET = 26.2;
				MARKETING_VERSION = 1.0;
				PRODUCT_BUNDLE_IDENTIFIER = jp.hibiki.KyoNoAshiatoTests;
				PRODUCT_NAME = "$(TARGET_NAME)";
				STRING_CATALOG_GENERATE_SYMBOLS = NO;
				SWIFT_APPROACHABLE_CONCURRENCY = YES;
				SWIFT_EMIT_LOC_STRINGS = NO;
				SWIFT_UPCOMING_FEATURE_MEMBER_IMPORT_VISIBILITY = YES;
				SWIFT_VERSION = 5.0;
				TARGETED_DEVICE_FAMILY = "1,2";
				TEST_HOST = "$(BUILT_PRODUCTS_DIR)/KyoNoAshiato.app/$(BUNDLE_EXECUTABLE_FOLDER_PATH)/KyoNoAshiato";
			};
			name = Debug;
		};
		B6E23DFC2F62625F00187C6C /* Release */ = {
			isa = XCBuildConfiguration;
			buildSettings = {
				BUNDLE_LOADER = "$(TEST_HOST)";
				CODE_SIGN_STYLE = Automatic;
				CURRENT_PROJECT_VERSION = 1;
				DEVELOPMENT_TEAM = AK92W9FN2D;
				GENERATE_INFOPLIST_FILE = YES;
				IPHONEOS_DEPLOYMENT_TARGET = 26.2;
				MARKETING_VERSION = 1.0;
				PRODUCT_BUNDLE_IDENTIFIER = jp.hibiki.KyoNoAshiatoTests;
				PRODUCT_NAME = "$(TARGET_NAME)";
				STRING_CATALOG_GENERATE_SYMBOLS = NO;
				SWIFT_APPROACHABLE_CONCURRENCY = YES;
				SWIFT_EMIT_LOC_STRINGS = NO;
				SWIFT_UPCOMING_FEATURE_MEMBER_IMPORT_VISIBILITY = YES;
				SWIFT_VERSION = 5.0;
				TARGETED_DEVICE_FAMILY = "1,2";
				TEST_HOST = "$(BUILT_PRODUCTS_DIR)/KyoNoAshiato.app/$(BUNDLE_EXECUTABLE_FOLDER_PATH)/KyoNoAshiato";
			};
			name = Release;
		};
		B6E23DFE2F62625F00187C6C /* Debug */ = {
			isa = XCBuildConfiguration;
			buildSettings = {
				CODE_SIGN_STYLE = Automatic;
				CURRENT_PROJECT_VERSION = 1;
				DEVELOPMENT_TEAM = AK92W9FN2D;
				GENERATE_INFOPLIST_FILE = YES;
				MARKETING_VERSION = 1.0;
				PRODUCT_BUNDLE_IDENTIFIER = jp.hibiki.KyoNoAshiatoUITests;
				PRODUCT_NAME = "$(TARGET_NAME)";
				STRING_CATALOG_GENERATE_SYMBOLS = NO;
				SWIFT_APPROACHABLE_CONCURRENCY = YES;
				SWIFT_EMIT_LOC_STRINGS = NO;
				SWIFT_UPCOMING_FEATURE_MEMBER_IMPORT_VISIBILITY = YES;
				SWIFT_VERSION = 5.0;
				TARGETED_DEVICE_FAMILY = "1,2";
				TEST_TARGET_NAME = KyoNoAshiato;
			};
			name = Debug;
		};
		B6E23DFF2F62625F00187C6C /* Release */ = {
			isa = XCBuildConfiguration;
			buildSettings = {
				CODE_SIGN_STYLE = Automatic;
				CURRENT_PROJECT_VERSION = 1;
				DEVELOPMENT_TEAM = AK92W9FN2D;
				GENERATE_INFOPLIST_FILE = YES;
				MARKETING_VERSION = 1.0;
				PRODUCT_BUNDLE_IDENTIFIER = jp.hibiki.KyoNoAshiatoUITests;
				PRODUCT_NAME = "$(TARGET_NAME)";
				STRING_CATALOG_GENERATE_SYMBOLS = NO;
				SWIFT_APPROACHABLE_CONCURRENCY = YES;
				SWIFT_EMIT_LOC_STRINGS = NO;
				SWIFT_UPCOMING_FEATURE_MEMBER_IMPORT_VISIBILITY = YES;
				SWIFT_VERSION = 5.0;
				TARGETED_DEVICE_FAMILY = "1,2";
				TEST_TARGET_NAME = KyoNoAshiato;
			};
			name = Release;
		};
/* End XCBuildConfiguration section */

/* Begin XCConfigurationList section */
		B6E23DCC2F62625E00187C6C /* Build configuration list for PBXProject "KyoNoAshiato" */ = {
			isa = XCConfigurationList;
			buildConfigurations = (
				B6E23DF82F62625F00187C6C /* Debug */,
				B6E23DF92F62625F00187C6C /* Release */,
			);
			defaultConfigurationIsVisible = 0;
			defaultConfigurationName = Release;
		};
		B6E23DF52F62625F00187C6C /* Build configuration list for PBXNativeTarget "KyoNoAshiato" */ = {
			isa = XCConfigurationList;
			buildConfigurations = (
				B6E23DF62F62625F00187C6C /* Debug */,
				B6E23DF72F62625F00187C6C /* Release */,
			);
			defaultConfigurationIsVisible = 0;
			defaultConfigurationName = Release;
		};
		B6E23DFA2F62625F00187C6C /* Build configuration list for PBXNativeTarget "KyoNoAshiatoTests" */ = {
			isa = XCConfigurationList;
			buildConfigurations = (
				B6E23DFB2F62625F00187C6C /* Debug */,
				B6E23DFC2F62625F00187C6C /* Release */,
			);
			defaultConfigurationIsVisible = 0;
			defaultConfigurationName = Release;
		};
		B6E23DFD2F62625F00187C6C /* Build configuration list for PBXNativeTarget "KyoNoAshiatoUITests" */ = {
			isa = XCConfigurationList;
			buildConfigurations = (
				B6E23DFE2F62625F00187C6C /* Debug */,
				B6E23DFF2F62625F00187C6C /* Release */,
			);
			defaultConfigurationIsVisible = 0;
			defaultConfigurationName = Release;
		};
/* End XCConfigurationList section */
	};
	rootObject = B6E23DC92F62625E00187C6C /* Project object */;
}
